PODS:
  - Alamofire (4.6.0)
  - Moya (11.0.0-beta.2):
    - Moya/Core (= 11.0.0-beta.2)
  - Moya-ObjectMapper/Core (2.5):
    - Moya (= 11.0.0-beta.2)
    - ObjectMapper (~> 3.1.0)
  - Moya-ObjectMapper/ReactiveSwift (2.5):
    - Moya-ObjectMapper/Core
    - Moya/ReactiveSwift
    - ReactiveSwift (~> 3.0)
  - Moya/Core (11.0.0-beta.2):
    - Alamofire (~> 4.1)
    - Result (~> 3.0)
  - Moya/ReactiveSwift (11.0.0-beta.2):
    - Moya/Core
    - ReactiveSwift (~> 3.0)
  - ObjectMapper (3.1.0)
  - ReactiveSwift (3.1.0):
    - Result (~> 3.2)
  - Result (3.2.4)

DEPENDENCIES:
  - Moya (= 11.0.0-beta.2)
  - Moya-ObjectMapper/ReactiveSwift (from `../`)

EXTERNAL SOURCES:
  Moya-ObjectMapper:
    :path: ../

SPEC CHECKSUMS:
  Alamofire: f41a599bd63041760b26d393ec1069d9d7b917f4
  Moya: b419dc0326bc69d694a2b65f6a07ed2ecaf6276c
  Moya-ObjectMapper: 1b3daaabd45402cedba3985736ff93c4336ec50a
  ObjectMapper: 20505058f54e5c3ca69e1d6de9897d152a5369a6
  ReactiveSwift: 5b26d2e988fe0eed2daf48c4054d1de74db50184
  Result: d2d07204ce72856f1fd9130bbe42c35a7b0fea10

PODFILE CHECKSUM: e6147bcc761ab7fa2d78021b84d4da3bf965ab99

COCOAPODS: 1.4.0
